// !$*UTF8*$!
{ archiveVersion = 1; classes = {}; objectVersion = 56; objects = {
233CFE56C2C1027C01194131 = { isa = PBXFileReference; lastKnownFileType = sourcecode.swift; path = "DUMPTests/SecureCaptureTests.swift"; sourceTree = SOURCE_ROOT; };
7F1A7166C4AC74CC178BE5A8 = { isa = PBXBuildFile; fileRef = 233CFE56C2C1027C01194131; };
EBA088D9A800763E20A9C31C = { isa = PBXFileReference; lastKnownFileType = sourcecode.swift; path = "DUMP/DUMP/Media/SecureVideoPlayback.swift"; sourceTree = SOURCE_ROOT; };
51A9D7FF6F9858C64B79A1CC = { isa = PBXBuildFile; fileRef = EBA088D9A800763E20A9C31C; };
7C39569D0D6569C357AF52D4 = { isa = PBXFileReference; lastKnownFileType = sourcecode.swift; path = "DUMP/DUMP/Media/SecureVideoContainer.swift"; sourceTree = SOURCE_ROOT; };
3EB30338542173AD5C40AA37 = { isa = PBXBuildFile; fileRef = 7C39569D0D6569C357AF52D4; };
7F8957EA6C2CBF8D97A4564D = { isa = PBXFileReference; lastKnownFileType = sourcecode.swift; path = "DUMP/DUMP/Media/SecureVideoEncoder.swift"; sourceTree = SOURCE_ROOT; };
62636F5E354BEEDB6727F5D1 = { isa = PBXBuildFile; fileRef = 7F8957EA6C2CBF8D97A4564D; };
B7B5401BA84CC30BB00F1783 = { isa = PBXFileReference; lastKnownFileType = sourcecode.swift; path = "DUMP/DUMP/Media/SecureCamera.swift"; sourceTree = SOURCE_ROOT; };
123BC4C9DCAC735CF93F67D3 = { isa = PBXBuildFile; fileRef = B7B5401BA84CC30BB00F1783; };
EE4165C1EF4024CD9E823455 = { isa = PBXFileReference; lastKnownFileType = folder.assetcatalog; path = "DUMP/DUMP/Assets.xcassets"; sourceTree = SOURCE_ROOT; };
9E7B85207DA9ECB27B59A372 = { isa = PBXBuildFile; fileRef = EE4165C1EF4024CD9E823455; };
DBF96485BDF96008DCB9DE11 = { isa = PBXFileReference; lastKnownFileType = sourcecode.swift; path = "DUMP/DUMP/AppModel.swift"; sourceTree = SOURCE_ROOT; };
203F128A2FA58F8071E7DC88 = { isa = PBXBuildFile; fileRef = DBF96485BDF96008DCB9DE11; };
6D24D663CEC3C39FCC782FFA = { isa = PBXFileReference; lastKnownFileType = sourcecode.swift; path = "DUMP/DUMP/DUMPApp.swift"; sourceTree = SOURCE_ROOT; };
F6941CF8BD371105EDA9D964 = { isa = PBXBuildFile; fileRef = 6D24D663CEC3C39FCC782FFA; };
CD47C281D2C5D3156731F7D8 = { isa = PBXFileReference; lastKnownFileType = sourcecode.swift; path = "DUMP/DUMP/Media/MediaPreview.swift"; sourceTree = SOURCE_ROOT; };
409B18C588ED47056E54A7DC = { isa = PBXBuildFile; fileRef = CD47C281D2C5D3156731F7D8; };
77E4776B847BA7DBDEE8B3D1 = { isa = PBXFileReference; lastKnownFileType = sourcecode.swift; path = "DUMP/DUMP/Media/PhotosExporter.swift"; sourceTree = SOURCE_ROOT; };
673B7BB68C1E814BBAAC6CF8 = { isa = PBXBuildFile; fileRef = 77E4776B847BA7DBDEE8B3D1; };
1D494B3D45CFE839922390C1 = { isa = PBXFileReference; lastKnownFileType = sourcecode.swift; path = "DUMP/DUMP/Media/PhotosImporter.swift"; sourceTree = SOURCE_ROOT; };
94B9EAB95C039609B9E3D116 = { isa = PBXBuildFile; fileRef = 1D494B3D45CFE839922390C1; };
0284FAA12F101D5554403485 = { isa = PBXFileReference; lastKnownFileType = sourcecode.swift; path = "DUMP/DUMP/Notes/NoteEditor.swift"; sourceTree = SOURCE_ROOT; };
E6DF462570BD58AE421C34A3 = { isa = PBXBuildFile; fileRef = 0284FAA12F101D5554403485; };
55E9509127F46EEBFA6E92EB = { isa = PBXFileReference; lastKnownFileType = sourcecode.swift; path = "DUMP/DUMP/Notes/NotesStore.swift"; sourceTree = SOURCE_ROOT; };
E6527E00D017EE0191298C06 = { isa = PBXBuildFile; fileRef = 55E9509127F46EEBFA6E92EB; };
299DC994304295701BBDA3BC = { isa = PBXFileReference; lastKnownFileType = sourcecode.swift; path = "DUMP/DUMP/Security/Crypto.swift"; sourceTree = SOURCE_ROOT; };
C2D00CE433D2A038CE851FC1 = { isa = PBXBuildFile; fileRef = 299DC994304295701BBDA3BC; };
F55F650B4E05197E6B8CA8F2 = { isa = PBXFileReference; lastKnownFileType = sourcecode.swift; path = "DUMP/DUMP/Security/DeviceAuthentication.swift"; sourceTree = SOURCE_ROOT; };
96E21BE461C060E2236BBAC4 = { isa = PBXBuildFile; fileRef = F55F650B4E05197E6B8CA8F2; };
C2396179E96D94FA9685F389 = { isa = PBXFileReference; lastKnownFileType = sourcecode.swift; path = "DUMP/DUMP/Security/KeychainStore.swift"; sourceTree = SOURCE_ROOT; };
EEECB9F3BCF6199A6EAE28AD = { isa = PBXBuildFile; fileRef = C2396179E96D94FA9685F389; };
F835317740B7CE14F45CD4E8 = { isa = PBXFileReference; lastKnownFileType = sourcecode.swift; path = "DUMP/DUMP/Storage/MediaStore.swift"; sourceTree = SOURCE_ROOT; };
6131E2E6F52AFC1AEE99FBE0 = { isa = PBXBuildFile; fileRef = F835317740B7CE14F45CD4E8; };
5A8270F0D55A8F69AFB2130E = { isa = PBXFileReference; lastKnownFileType = sourcecode.swift; path = "DUMP/DUMP/UI/RootView.swift"; sourceTree = SOURCE_ROOT; };
7A7CCF54EFA3DA20FE112FE4 = { isa = PBXBuildFile; fileRef = 5A8270F0D55A8F69AFB2130E; };
AD57A8ED7AC35A82BE0E4B16 = { isa = PBXFileReference; lastKnownFileType = sourcecode.swift; path = "DUMP/DUMP/UI/VaultView.swift"; sourceTree = SOURCE_ROOT; };
795AFB54F2325D47A5724EA0 = { isa = PBXBuildFile; fileRef = AD57A8ED7AC35A82BE0E4B16; };
D75F9762071E09B80D662F5C = { isa = PBXFileReference; lastKnownFileType = sourcecode.swift; path = "DUMPTests/MediaStoreTests.swift"; sourceTree = SOURCE_ROOT; };
A9A58CD5CF93FFA0A5F2A1BD = { isa = PBXBuildFile; fileRef = D75F9762071E09B80D662F5C; };
400C497E8BC8EA9168D06BB4 = { isa = PBXFileReference; lastKnownFileType = sourcecode.swift; path = "DUMPTests/SecurityTests.swift"; sourceTree = SOURCE_ROOT; };
CC390B6224EE6ADDCD99EF1C = { isa = PBXBuildFile; fileRef = 400C497E8BC8EA9168D06BB4; };
763D774377779C412BB71F6F = { isa = PBXFileReference; explicitFileType = wrapper.application; path = DUMP.app; sourceTree = BUILT_PRODUCTS_DIR; };
00444E2C37DD529B70E931A2 = { isa = PBXFileReference; explicitFileType = wrapper.cfbundle; path = DUMPTests.xctest; sourceTree = BUILT_PRODUCTS_DIR; };
0035FE99EA2940F7FA633A58 = { isa = PBXGroup; children = (233CFE56C2C1027C01194131,EBA088D9A800763E20A9C31C,7C39569D0D6569C357AF52D4,7F8957EA6C2CBF8D97A4564D,B7B5401BA84CC30BB00F1783,EE4165C1EF4024CD9E823455,DBF96485BDF96008DCB9DE11,6D24D663CEC3C39FCC782FFA,CD47C281D2C5D3156731F7D8,77E4776B847BA7DBDEE8B3D1,1D494B3D45CFE839922390C1,0284FAA12F101D5554403485,55E9509127F46EEBFA6E92EB,299DC994304295701BBDA3BC,F55F650B4E05197E6B8CA8F2,C2396179E96D94FA9685F389,F835317740B7CE14F45CD4E8,5A8270F0D55A8F69AFB2130E,AD57A8ED7AC35A82BE0E4B16,D75F9762071E09B80D662F5C,400C497E8BC8EA9168D06BB4,0A3E27B8CA818264D75C8D81,); sourceTree = "<group>"; };
0A3E27B8CA818264D75C8D81 = { isa = PBXGroup; children = (763D774377779C412BB71F6F,00444E2C37DD529B70E931A2,); name = Products; sourceTree = "<group>"; };
BC4A71180870F7945155FBB0 = { isa = XCRemoteSwiftPackageReference; repositoryURL = "https://github.com/jedisct1/swift-sodium.git"; requirement = {kind = revision; revision = cfd195c76882aa9b997560ca7cb95d72fbf5db00;}; };
EE9D62778C8B664AA8501AF8 = { isa = XCSwiftPackageProductDependency; package = BC4A71180870F7945155FBB0; productName = Clibsodium; };
543A354D83189AAB32703EAB = { isa = PBXBuildFile; productRef = EE9D62778C8B664AA8501AF8; };
D8AFF257B45D0C513672EC45 = { isa = PBXSourcesBuildPhase; buildActionMask = 2147483647; files = (51A9D7FF6F9858C64B79A1CC,3EB30338542173AD5C40AA37,62636F5E354BEEDB6727F5D1,123BC4C9DCAC735CF93F67D3,203F128A2FA58F8071E7DC88,F6941CF8BD371105EDA9D964,409B18C588ED47056E54A7DC,673B7BB68C1E814BBAAC6CF8,94B9EAB95C039609B9E3D116,E6DF462570BD58AE421C34A3,E6527E00D017EE0191298C06,C2D00CE433D2A038CE851FC1,96E21BE461C060E2236BBAC4,EEECB9F3BCF6199A6EAE28AD,6131E2E6F52AFC1AEE99FBE0,7A7CCF54EFA3DA20FE112FE4,795AFB54F2325D47A5724EA0,); runOnlyForDeploymentPostprocessing = 0; };
91024282FFD499F5807DB5BC = { isa = PBXFrameworksBuildPhase; buildActionMask = 2147483647; files = (543A354D83189AAB32703EAB,); runOnlyForDeploymentPostprocessing = 0; };
DC549ACCB7C726C62ECFD4E2 = { isa = PBXResourcesBuildPhase; buildActionMask = 2147483647; files = (9E7B85207DA9ECB27B59A372,); runOnlyForDeploymentPostprocessing = 0; };
E6ED56AB314E3DD3E605699F = { isa = PBXSourcesBuildPhase; buildActionMask = 2147483647; files = (7F1A7166C4AC74CC178BE5A8,A9A58CD5CF93FFA0A5F2A1BD,CC390B6224EE6ADDCD99EF1C,); runOnlyForDeploymentPostprocessing = 0; };
50382C61F2DA5E3FC37FEF78 = { isa = PBXFrameworksBuildPhase; buildActionMask = 2147483647; files = (); runOnlyForDeploymentPostprocessing = 0; };
0CDFFED32319A39D08F3F8AA = { isa = PBXResourcesBuildPhase; buildActionMask = 2147483647; files = (); runOnlyForDeploymentPostprocessing = 0; };
1241936D4DD3AAD68FE7BFBD = { isa = PBXContainerItemProxy; containerPortal = 244210E48437B6556980A702; proxyType = 1; remoteGlobalIDString = A172CEDCAE47474B615C54D5; remoteInfo = DUMP; };
F26350DAFE3F19AABFD69AC4 = { isa = PBXTargetDependency; target = A172CEDCAE47474B615C54D5; targetProxy = 1241936D4DD3AAD68FE7BFBD; };
A172CEDCAE47474B615C54D5 = { isa = PBXNativeTarget; buildConfigurationList = 429643FC2242030B49D9DF4F; buildPhases = (D8AFF257B45D0C513672EC45,91024282FFD499F5807DB5BC,DC549ACCB7C726C62ECFD4E2,); buildRules = (); dependencies = (); name = DUMP; packageProductDependencies = (EE9D62778C8B664AA8501AF8,); productName = DUMP; productReference = 763D774377779C412BB71F6F; productType = "com.apple.product-type.application"; };
59830EBC3A4184110566BF1A = { isa = PBXNativeTarget; buildConfigurationList = 3459E4398AF86A0F1B6D4033; buildPhases = (E6ED56AB314E3DD3E605699F,50382C61F2DA5E3FC37FEF78,0CDFFED32319A39D08F3F8AA,); buildRules = (); dependencies = (F26350DAFE3F19AABFD69AC4,); name = DUMPTests; productName = DUMPTests; productReference = 00444E2C37DD529B70E931A2; productType = "com.apple.product-type.bundle.unit-test"; };
73EBF6644258C120893E685D = { isa = XCBuildConfiguration; buildSettings = { CLANG_ENABLE_MODULES = YES; IPHONEOS_DEPLOYMENT_TARGET = 17.0; SDKROOT = iphoneos; SWIFT_VERSION = 5.0; SWIFT_STRICT_CONCURRENCY = targeted; DEBUG_INFORMATION_FORMAT = dwarf; SWIFT_OPTIMIZATION_LEVEL = "-Onone"; ENABLE_TESTABILITY = YES; SWIFT_ACTIVE_COMPILATION_CONDITIONS = DEBUG; }; name = Debug; };
0B0C687DF8B6B8DC790B519C = { isa = XCBuildConfiguration; buildSettings = { CLANG_ENABLE_MODULES = YES; IPHONEOS_DEPLOYMENT_TARGET = 17.0; SDKROOT = iphoneos; SWIFT_VERSION = 5.0; SWIFT_STRICT_CONCURRENCY = targeted; DEBUG_INFORMATION_FORMAT = "dwarf-with-dsym"; SWIFT_OPTIMIZATION_LEVEL = "-O"; ENABLE_TESTABILITY = NO; SWIFT_ACTIVE_COMPILATION_CONDITIONS = ""; }; name = Release; };
D69E6ABAEE8D1F0F03292F91 = { isa = XCConfigurationList; buildConfigurations = (73EBF6644258C120893E685D,0B0C687DF8B6B8DC790B519C,); defaultConfigurationIsVisible = 0; defaultConfigurationName = Release; };
B00CCDD09424E369308D67FA = { isa = XCBuildConfiguration; buildSettings = { CODE_SIGN_STYLE = Automatic; PRODUCT_BUNDLE_IDENTIFIER = local.dump.app; PRODUCT_NAME = "$(TARGET_NAME)"; INFOPLIST_FILE = DUMP/DUMP/Info.plist; GENERATE_INFOPLIST_FILE = NO; TARGETED_DEVICE_FAMILY = 1; SUPPORTED_PLATFORMS = "iphoneos iphonesimulator"; SUPPORTS_MACCATALYST = NO; SUPPORTS_MAC_DESIGNED_FOR_IPHONE_IPAD = NO; CURRENT_PROJECT_VERSION = 1; MARKETING_VERSION = 1.0; ASSETCATALOG_COMPILER_APPICON_NAME = AppIcon; }; name = Debug; };
1B104479E55E37CF8A63CBDF = { isa = XCBuildConfiguration; buildSettings = { CODE_SIGN_STYLE = Automatic; PRODUCT_BUNDLE_IDENTIFIER = local.dump.app; PRODUCT_NAME = "$(TARGET_NAME)"; INFOPLIST_FILE = DUMP/DUMP/Info.plist; GENERATE_INFOPLIST_FILE = NO; TARGETED_DEVICE_FAMILY = 1; SUPPORTED_PLATFORMS = "iphoneos iphonesimulator"; SUPPORTS_MACCATALYST = NO; SUPPORTS_MAC_DESIGNED_FOR_IPHONE_IPAD = NO; CURRENT_PROJECT_VERSION = 1; MARKETING_VERSION = 1.0; ASSETCATALOG_COMPILER_APPICON_NAME = AppIcon; }; name = Release; };
429643FC2242030B49D9DF4F = { isa = XCConfigurationList; buildConfigurations = (B00CCDD09424E369308D67FA,1B104479E55E37CF8A63CBDF,); defaultConfigurationIsVisible = 0; defaultConfigurationName = Release; };
22341BB87F410D35D057D37C = { isa = XCBuildConfiguration; buildSettings = { CODE_SIGN_STYLE = Automatic; PRODUCT_BUNDLE_IDENTIFIER = local.dump.app.tests; PRODUCT_NAME = "$(TARGET_NAME)"; GENERATE_INFOPLIST_FILE = YES; TARGETED_DEVICE_FAMILY = 1; TEST_HOST = "$(BUILT_PRODUCTS_DIR)/DUMP.app/DUMP"; BUNDLE_LOADER = "$(TEST_HOST)"; }; name = Debug; };
A188B1844D481F2A55033242 = { isa = XCBuildConfiguration; buildSettings = { CODE_SIGN_STYLE = Automatic; PRODUCT_BUNDLE_IDENTIFIER = local.dump.app.tests; PRODUCT_NAME = "$(TARGET_NAME)"; GENERATE_INFOPLIST_FILE = YES; TARGETED_DEVICE_FAMILY = 1; TEST_HOST = "$(BUILT_PRODUCTS_DIR)/DUMP.app/DUMP"; BUNDLE_LOADER = "$(TEST_HOST)"; }; name = Release; };
3459E4398AF86A0F1B6D4033 = { isa = XCConfigurationList; buildConfigurations = (22341BB87F410D35D057D37C,A188B1844D481F2A55033242,); defaultConfigurationIsVisible = 0; defaultConfigurationName = Release; };
244210E48437B6556980A702 = { isa = PBXProject; attributes = { BuildIndependentTargetsInParallel = 1; LastUpgradeCheck = 1600; TargetAttributes = { A172CEDCAE47474B615C54D5 = {CreatedOnToolsVersion = 16.0;}; 59830EBC3A4184110566BF1A = {CreatedOnToolsVersion = 16.0; TestTargetID = A172CEDCAE47474B615C54D5;}; }; }; buildConfigurationList = D69E6ABAEE8D1F0F03292F91; compatibilityVersion = "Xcode 14.0"; developmentRegion = en; hasScannedForEncodings = 0; knownRegions = (en,Base,); mainGroup = 0035FE99EA2940F7FA633A58; packageReferences = (BC4A71180870F7945155FBB0,); productRefGroup = 0A3E27B8CA818264D75C8D81; projectDirPath = ""; projectRoot = ""; targets = (A172CEDCAE47474B615C54D5,59830EBC3A4184110566BF1A,); };
}; rootObject = 244210E48437B6556980A702; }
